
Microsoft Visual Studio Solution File, Format Version 12.00
# Visual Studio Version 16
VisualStudioVersion = 16.0.31129.286
MinimumVisualStudioVersion = 10.0.40219.1
Project("{8BC9CEB8-8B4A-11D0-8D11-00A0C91BC942}") = "Item Loaning Final", "Item Loaning Final\Item Loaning Final.vcxproj", "{9980D25D-E753-41E5-8EA2-AA484728EF82}"
EndProject
Global
	GlobalSection(SolutionConfigurationPlatforms) = preSolution
		Debug|x64 = Debug|x64
		Debug|x86 = Debug|x86
		Release|x64 = Release|x64
		Release|x86 = Release|x86
	EndGlobalSection
	GlobalSection(ProjectConfigurationPlatforms) = postSolution
		{9980D25D-E753-41E5-8EA2-AA484728EF82}.Debug|x64.ActiveCfg = Debug|x64
		{9980D25D-E753-41E5-8EA2-AA484728EF82}.Debug|x64.Build.0 = Debug|x64
		{9980D25D-E753-41E5-8EA2-AA484728EF82}.Debug|x86.ActiveCfg = Debug|Win32
		{9980D25D-E753-41E5-8EA2-AA484728EF82}.Debug|x86.Build.0 = Debug|Win32
		{9980D25D-E753-41E5-8EA2-AA484728EF82}.Release|x64.ActiveCfg = Release|x64
		{9980D25D-E753-41E5-8EA2-AA484728EF82}.Release|x64.Build.0 = Release|x64
		{9980D25D-E753-41E5-8EA2-AA484728EF82}.Release|x86.ActiveCfg = Release|Win32
		{9980D25D-E753-41E5-8EA2-AA484728EF82}.Release|x86.Build.0 = Release|Win32
	EndGlobalSection
	GlobalSection(SolutionProperties) = preSolution
		HideSolutionNode = FALSE
	EndGlobalSection
	GlobalSection(ExtensibilityGlobals) = postSolution
		SolutionGuid = {1AB23E6D-DAEB-4729-95C3-1D5F063BA7B1}
	EndGlobalSection
EndGlobal
